
Microsoft Visual Studio Solution File, Format Version 12.00
# Visual Studio Version 17
VisualStudioVersion = 17.8.34330.188
MinimumVisualStudioVersion = 10.0.40219.1
Project("{FAE04EC0-301F-11D3-BF4B-00C04F79EFBC}") = "CMSWebApp", "CMSWebApp\CMSWebApp.csproj", "{1C169C96-21D8-4B7D-A485-F711C6720A31}"
EndProject
Global
	GlobalSection(SolutionConfigurationPlatforms) = preSolution
		Debug|Any CPU = Debug|Any CPU
		Release|Any CPU = Release|Any CPU
	EndGlobalSection
	GlobalSection(ProjectConfigurationPlatforms) = postSolution
		{1C169C96-21D8-4B7D-A485-F711C6720A31}.Debug|Any CPU.ActiveCfg = Debug|Any CPU
		{1C169C96-21D8-4B7D-A485-F711C6720A31}.Debug|Any CPU.Build.0 = Debug|Any CPU
		{1C169C96-21D8-4B7D-A485-F711C6720A31}.Release|Any CPU.ActiveCfg = Release|Any CPU
		{1C169C96-21D8-4B7D-A485-F711C6720A31}.Release|Any CPU.Build.0 = Release|Any CPU
	EndGlobalSection
	GlobalSection(SolutionProperties) = preSolution
		HideSolutionNode = FALSE
	EndGlobalSection
	GlobalSection(ExtensibilityGlobals) = postSolution
		SolutionGuid = {912B39D3-BB72-4CD6-856E-F58B87B8A7C5}
	EndGlobalSection
EndGlobal
